
Microsoft Visual Studio Solution File, Format Version 12.00
# Visual Studio Version 17
VisualStudioVersion = 17.0.31912.275
MinimumVisualStudioVersion = 10.0.40219.1
Project("{9A19103F-16F7-4668-BE54-9A1E7A4F7556}") = "OOP.EFCore.ConsoleApp", "OOP.EFCore.ConsoleApp\OOP.EFCore.ConsoleApp.csproj", "{A1012E30-2100-485C-8CC0-41103EC75B11}"
EndProject
Project("{9A19103F-16F7-4668-BE54-9A1E7A4F7556}") = "BookCsvImporter", "BookCsvImporter\BookCsvImporter.csproj", "{DE34013C-86D4-4FF8-BB23-D2F0BF605BC1}"
EndProject
Global
	GlobalSection(SolutionConfigurationPlatforms) = preSolution
		Debug|Any CPU = Debug|Any CPU
		Release|Any CPU = Release|Any CPU
	EndGlobalSection
	GlobalSection(ProjectConfigurationPlatforms) = postSolution
		{A1012E30-2100-485C-8CC0-41103EC75B11}.Debug|Any CPU.ActiveCfg = Debug|Any CPU
		{A1012E30-2100-485C-8CC0-41103EC75B11}.Debug|Any CPU.Build.0 = Debug|Any CPU
		{A1012E30-2100-485C-8CC0-41103EC75B11}.Release|Any CPU.ActiveCfg = Release|Any CPU
		{A1012E30-2100-485C-8CC0-41103EC75B11}.Release|Any CPU.Build.0 = Release|Any CPU
		{DE34013C-86D4-4FF8-BB23-D2F0BF605BC1}.Debug|Any CPU.ActiveCfg = Debug|Any CPU
		{DE34013C-86D4-4FF8-BB23-D2F0BF605BC1}.Debug|Any CPU.Build.0 = Debug|Any CPU
		{DE34013C-86D4-4FF8-BB23-D2F0BF605BC1}.Release|Any CPU.ActiveCfg = Release|Any CPU
		{DE34013C-86D4-4FF8-BB23-D2F0BF605BC1}.Release|Any CPU.Build.0 = Release|Any CPU
	EndGlobalSection
	GlobalSection(SolutionProperties) = preSolution
		HideSolutionNode = FALSE
	EndGlobalSection
	GlobalSection(ExtensibilityGlobals) = postSolution
		SolutionGuid = {4F842B3F-40EB-4073-AA06-F6170C87A5E1}
	EndGlobalSection
EndGlobal
